
Microsoft Visual Studio Solution File, Format Version 12.00
# Visual Studio 15
VisualStudioVersion = 15.0.27130.2020
MinimumVisualStudioVersion = 10.0.40219.1
Project("{FAE04EC0-301F-11D3-BF4B-00C04F79EFBC}") = "WebAPI_Entity", "WebAPI_Entity\WebAPI_Entity.csproj", "{04043DA0-5C6B-4B46-BBB1-C63706DF902C}"
EndProject
Global
	GlobalSection(SolutionConfigurationPlatforms) = preSolution
		Debug|Any CPU = Debug|Any CPU
		Release|Any CPU = Release|Any CPU
	EndGlobalSection
	GlobalSection(ProjectConfigurationPlatforms) = postSolution
		{04043DA0-5C6B-4B46-BBB1-C63706DF902C}.Debug|Any CPU.ActiveCfg = Debug|Any CPU
		{04043DA0-5C6B-4B46-BBB1-C63706DF902C}.Debug|Any CPU.Build.0 = Debug|Any CPU
		{04043DA0-5C6B-4B46-BBB1-C63706DF902C}.Release|Any CPU.ActiveCfg = Release|Any CPU
		{04043DA0-5C6B-4B46-BBB1-C63706DF902C}.Release|Any CPU.Build.0 = Release|Any CPU
	EndGlobalSection
	GlobalSection(SolutionProperties) = preSolution
		HideSolutionNode = FALSE
	EndGlobalSection
	GlobalSection(ExtensibilityGlobals) = postSolution
		SolutionGuid = {54AC8C15-9674-4250-840F-DF5DC268A38E}
	EndGlobalSection
EndGlobal
